PODS:
  - arkit_plugin (0.0.1):
    - Flutter
    - GLTFSceneKit
  - Flutter (1.0.0)
  - fluttertoast (0.0.2):
    - Flutter
    - Toast
  - geolocator_apple (1.2.0):
    - Flutter
  - GLTFSceneKit (0.3.0)
  - package_info_plus (0.4.5):
    - Flutter
  - permission_handler_apple (9.3.0):
    - Flutter
  - Sentry/HybridSDK (8.25.2)
  - sentry_flutter (8.2.0):
    - Flutter
    - FlutterMacOS
    - Sentry/HybridSDK (= 8.25.2)
  - shared_preferences_foundation (0.0.1):
    - Flutter
    - FlutterMacOS
  - Toast (4.1.1)
  - wakelock (0.0.1):
    - Flutter

DEPENDENCIES:
  - arkit_plugin (from `.symlinks/plugins/arkit_plugin/ios`)
  - Flutter (from `Flutter`)
  - fluttertoast (from `.symlinks/plugins/fluttertoast/ios`)
  - geolocator_apple (from `.symlinks/plugins/geolocator_apple/ios`)
  - package_info_plus (from `.symlinks/plugins/package_info_plus/ios`)
  - permission_handler_apple (from `.symlinks/plugins/permission_handler_apple/ios`)
  - sentry_flutter (from `.symlinks/plugins/sentry_flutter/ios`)
  - shared_preferences_foundation (from `.symlinks/plugins/shared_preferences_foundation/darwin`)
  - wakelock (from `.symlinks/plugins/wakelock/ios`)

SPEC REPOS:
  trunk:
    - GLTFSceneKit
    - Sentry
    - Toast

EXTERNAL SOURCES:
  arkit_plugin:
    :path: ".symlinks/plugins/arkit_plugin/ios"
  Flutter:
    :path: Flutter
  fluttertoast:
    :path: ".symlinks/plugins/fluttertoast/ios"
  geolocator_apple:
    :path: ".symlinks/plugins/geolocator_apple/ios"
  package_info_plus:
    :path: ".symlinks/plugins/package_info_plus/ios"
  permission_handler_apple:
    :path: ".symlinks/plugins/permission_handler_apple/ios"
  sentry_flutter:
    :path: ".symlinks/plugins/sentry_flutter/ios"
  shared_preferences_foundation:
    :path: ".symlinks/plugins/shared_preferences_foundation/darwin"
  wakelock:
    :path: ".symlinks/plugins/wakelock/ios"

SPEC CHECKSUMS:
  arkit_plugin: bb56e71ef215147316ecf3774d5cb74beda20a10
  Flutter: e0871f40cf51350855a761d2e70bf5af5b9b5de7
  fluttertoast: 9f2f8e81bb5ce18facb9748d7855bf5a756fe3db
  geolocator_apple: 6cbaf322953988e009e5ecb481f07efece75c450
  GLTFSceneKit: d1b437c514ba2aed5555afb0fddd64e030612d57
  package_info_plus: 6c92f08e1f853dc01228d6f553146438dafcd14e
  permission_handler_apple: 9878588469a2b0d0fc1e048d9f43605f92e6cec2
  Sentry: 51b056d96914a741f63eca774d118678b1eb05a1
  sentry_flutter: e8397d13e297a5d4b6be8a752e33140b21c5cc97
  shared_preferences_foundation: fcdcbc04712aee1108ac7fda236f363274528f78
  Toast: 1f5ea13423a1e6674c4abdac5be53587ae481c4e
  wakelock: d0fc7c864128eac40eba1617cb5264d9c940b46f

PODFILE CHECKSUM: 963a077e7da1168fd054d5759eb6f7d0ecf352b8

COCOAPODS: 1.15.2
